{
  "version": 4,
  "terraform_version": "1.6.4",
  "serial": 4,
  "lineage": "31a3f762-75d0-d99b-5a3c-535dc7490260",
  "outputs": {},
  "resources": [
    {
      "mode": "managed",
      "type": "aws_instance",
      "name": "terra-ins",
      "provider": "provider[\"registry.terraform.io/hashicorp/aws\"]",
      "instances": [
        {
          "schema_version": 1,
          "attributes": {
            "ami": "ami-0230bd60aa48260c6",
            "arn": "arn:aws:ec2:us-east-1:435734111523:instance/i-0a6f3a2fd11bfaf8f",
            "associate_public_ip_address": true,
            "availability_zone": "us-east-1a",
            "capacity_reservation_specification": [
              {
                "capacity_reservation_preference": "open",
                "capacity_reservation_target": []
              }
            ],
            "cpu_core_count": 1,
            "cpu_options": [
              {
                "amd_sev_snp": "",
                "core_count": 1,
                "threads_per_core": 1
              }
            ],
            "cpu_threads_per_core": 1,
            "credit_specification": [
              {
                "cpu_credits": "standard"
              }
            ],
            "disable_api_stop": false,
            "disable_api_termination": false,
            "ebs_block_device": [],
            "ebs_optimized": false,
            "enclave_options": [
              {
                "enabled": false
              }
            ],
            "ephemeral_block_device": [],
            "get_password_data": false,
            "hibernation": false,
            "host_id": "",
            "host_resource_group_arn": null,
            "iam_instance_profile": "",
            "id": "i-0a6f3a2fd11bfaf8f",
            "instance_initiated_shutdown_behavior": "stop",
            "instance_lifecycle": "",
            "instance_market_options": [],
            "instance_state": "running",
            "instance_type": "t2.micro",
            "ipv6_address_count": 0,
            "ipv6_addresses": [],
            "key_name": "terrakey",
            "launch_template": [],
            "maintenance_options": [
              {
                "auto_recovery": "default"
              }
            ],
            "metadata_options": [
              {
                "http_endpoint": "enabled",
                "http_protocol_ipv6": "disabled",
                "http_put_response_hop_limit": 2,
                "http_tokens": "required",
                "instance_metadata_tags": "disabled"
              }
            ],
            "monitoring": false,
            "network_interface": [],
            "outpost_arn": "",
            "password_data": "",
            "placement_group": "",
            "placement_partition_number": 0,
            "primary_network_interface_id": "eni-0b491f280d0139739",
            "private_dns": "ip-172-31-14-203.ec2.internal",
            "private_dns_name_options": [
              {
                "enable_resource_name_dns_a_record": false,
                "enable_resource_name_dns_aaaa_record": false,
                "hostname_type": "ip-name"
              }
            ],
            "private_ip": "172.31.14.203",
            "public_dns": "ec2-44-213-110-214.compute-1.amazonaws.com",
            "public_ip": "44.213.110.214",
            "root_block_device": [
              {
                "delete_on_termination": true,
                "device_name": "/dev/xvda",
                "encrypted": false,
                "iops": 3000,
                "kms_key_id": "",
                "tags": {},
                "throughput": 125,
                "volume_id": "vol-0ab3ed414a1e6eb5b",
                "volume_size": 8,
                "volume_type": "gp3"
              }
            ],
            "secondary_private_ips": [],
            "security_groups": [
              "terrasg"
            ],
            "source_dest_check": true,
            "spot_instance_request_id": "",
            "subnet_id": "subnet-08f66dde12e75f99b",
            "tags": {
              "Name": "terrawow",
              "project": "maxx"
            },
            "tags_all": {
              "Name": "terrawow",
              "project": "maxx"
            },
            "tenancy": "default",
            "timeouts": null,
            "user_data": null,
            "user_data_base64": null,
            "user_data_replace_on_change": false,
            "volume_tags": null,
            "vpc_security_group_ids": [
              "sg-05524165a697a787b"
            ]
          },
          "sensitive_attributes": [],
          "private": "eyJlMmJmYjczMC1lY2FhLTExZTYtOGY4OC0zNDM2M2JjN2M0YzAiOnsiY3JlYXRlIjo2MDAwMDAwMDAwMDAsImRlbGV0ZSI6MTIwMDAwMDAwMDAwMCwidXBkYXRlIjo2MDAwMDAwMDAwMDB9LCJzY2hlbWFfdmVyc2lvbiI6IjEifQ==",
          "dependencies": [
            "aws_key_pair.terra"
          ]
        }
      ]
    },
    {
      "mode": "managed",
      "type": "aws_key_pair",
      "name": "terra",
      "provider": "provider[\"registry.terraform.io/hashicorp/aws\"]",
      "instances": [
        {
          "schema_version": 1,
          "attributes": {
            "arn": "arn:aws:ec2:us-east-1:435734111523:key-pair/terrakey",
            "fingerprint": "4f:97:ee:c5:a1:80:76:0b:42:47:1e:44:9f:68:eb:ac",
            "id": "terrakey",
            "key_name": "terrakey",
            "key_name_prefix": "",
            "key_pair_id": "key-0ab3a37d5a1d85d53",
            "key_type": "rsa",
            "public_key": "ssh-rsa AAAAB3NzaC1yc2EAAAADAQABAAABgQCPvuT0P0jbOIVuD97COZvACbEvzNIBOeZjR68G0tnZRGcQf0sQNB2HsSR3JYGvTwf+VhxcV6xhxjQ7ynY+6HOa3xJL/7jwpldSu6duy9QNVRhmH5ve7WgKD2Qac3EghJ/JVZSQMaqjks24+LrRYpAaukKosbQk4KHbmGArVyD25/Su5rkt7xpwk0H8o7koKmkk7e9Ok0hNGQIbLxR1PB7OkDgEmatKEuYdyCN1EYEwS7YyU0vzGw6M4oUBGNjPuQgaRk6kyC6GW+KcEGOi5odHXxCVNuPk62K162AMiXWINXqIjSRvQTrXGGqxfoQ/cdTeIgIfdid2CtYW+Y9MOF+dFkdxgKvCWqiXYURCKfiAsxEdbvMDkBta9CX4pI1fBY+4CfGw4tbIz3kQ3VkWl+2eOUjgWEtXU2Dyrih5kMA0AQH8gKlETcUJeJw5SONqzvxUeNrnvdWibin0JgHXk3mdhpzn45Q6TyTGlZe93F7j+fKGd0/od6iNptXw61Ccu50= Guest Login@salman",
            "tags": null,
            "tags_all": {}
          },
          "sensitive_attributes": [],
          "private": "eyJzY2hlbWFfdmVyc2lvbiI6IjEifQ=="
        }
      ]
    }
  ],
  "check_results": null
}
